{
  "requires": true,
  "lockfileVersion": 1,
  "dependencies": {
    "@types/angular": {
      "version": "1.6.54",
      "resolved": "https://registry.npmjs.org/@types/angular/-/angular-1.6.54.tgz",
      "integrity": "sha512-xA1FuozWXeRQ7FClUbvk8ePL+dydBeDoCWRPFTHU5+8uvVtIIfLGiHA8CMkwsbddFCYnTDVbLxG85a/HBx7LtA==",
      "dev": true
    }
  }
}
